
Microsoft Visual Studio Solution File, Format Version 12.00
# Visual Studio Version 16
VisualStudioVersion = 16.0.31129.286
MinimumVisualStudioVersion = 10.0.40219.1
Project("{9A19103F-16F7-4668-BE54-9A1E7A4F7556}") = "Byndyusoft.Metrics", "src\Byndyusoft.Metrics\Byndyusoft.Metrics.csproj", "{9EC03D62-DB80-4031-8588-328078075230}"
EndProject
Project("{FAE04EC0-301F-11D3-BF4B-00C04F79EFBC}") = "Byndyusoft.Metrics.Tests", "src\Byndyusoft.Metrics.Tests\Byndyusoft.Metrics.Tests.csproj", "{4DBA1FDE-0B85-406B-BAE5-DF6202BEB615}"
EndProject
Global
	GlobalSection(SolutionConfigurationPlatforms) = preSolution
		Debug|Any CPU = Debug|Any CPU
		Release|Any CPU = Release|Any CPU
	EndGlobalSection
	GlobalSection(ProjectConfigurationPlatforms) = postSolution
		{9EC03D62-DB80-4031-8588-328078075230}.Debug|Any CPU.ActiveCfg = Debug|Any CPU
		{9EC03D62-DB80-4031-8588-328078075230}.Debug|Any CPU.Build.0 = Debug|Any CPU
		{9EC03D62-DB80-4031-8588-328078075230}.Release|Any CPU.ActiveCfg = Release|Any CPU
		{9EC03D62-DB80-4031-8588-328078075230}.Release|Any CPU.Build.0 = Release|Any CPU
		{4DBA1FDE-0B85-406B-BAE5-DF6202BEB615}.Debug|Any CPU.ActiveCfg = Debug|Any CPU
		{4DBA1FDE-0B85-406B-BAE5-DF6202BEB615}.Debug|Any CPU.Build.0 = Debug|Any CPU
		{4DBA1FDE-0B85-406B-BAE5-DF6202BEB615}.Release|Any CPU.ActiveCfg = Release|Any CPU
		{4DBA1FDE-0B85-406B-BAE5-DF6202BEB615}.Release|Any CPU.Build.0 = Release|Any CPU
	EndGlobalSection
	GlobalSection(SolutionProperties) = preSolution
		HideSolutionNode = FALSE
	EndGlobalSection
	GlobalSection(ExtensibilityGlobals) = postSolution
		SolutionGuid = {12ED3042-7066-4DB6-A9D7-2E3131BC63AC}
	EndGlobalSection
EndGlobal
